github.com/PuerkitoBio/goquery v1.5.0 h1:uGvmFXOA73IKluu/F84Xd1tt/z07GYm8X49XKHP7EJk=
github.com/PuerkitoBio/goquery v1.5.0/go.mod h1:qD2PgZ9lccMbQlc7eEOjaeRlFQON7xY8kdmcsrnKqMg=
github.com/andybalholm/cascadia v1.0.0 h1:hOCXnnZ5A+3eVDX8pvgl4kofXv2ELss0bKcqRySc45o=
github.com/andybalholm/cascadia v1.0.0/go.mod h1:GsXiBklL0woXo1j/WYWtSYYC4ouU9PqHO0sqidkEA4Y=
github.com/avast/apkparser v0.0.0-20190516101250-3b8c5efcb6a9/go.mod h1:c0733VBXm1we9M1zCtoOspplSwOYebS3hpDkJyMORRU=
github.com/avast/apkparser v0.0.0-20191031134028-4e4b6d27fd93 h1:+pbCc6hWYajiMYXtxc+BeiwyUscRTmOKPiCtkAtxDcU=
github.com/avast/apkparser v0.0.0-20191031134028-4e4b6d27fd93/go.mod h1:eZzHNfZWA1eeKPQE3LVmfRw32lhrH351jDCsma9qxOc=
github.com/avast/apkverifier v0.0.0-20190808142831-dbbe53a24744/go.mod h1:mhWRoMg0KhvWt8SX7B2v2E3VfWt5jWfHfD9PtWAN+qM=
golang.org/x/net v0.0.0-20180218175443-cbe0f9307d01/go.mod h1:mL1N/T3taQHkDXs73rZJwtUhF3w3ftmwwsq0BUmARs4=
golang.org/x/net v0.0.0-20181114220301-adae6a3d119a h1:gOpx8G595UYyvj8UK4+OFyY4rx037g3fmfhe5SasG3U=
golang.org/x/net v0.0.0-20181114220301-adae6a3d119a/go.mod h1:mL1N/T3taQHkDXs73rZJwtUhF3w3ftmwwsq0BUmARs4=
